
Microsoft Visual Studio Solution File, Format Version 12.00
# Visual Studio Version 16
VisualStudioVersion = 16.0.30907.101
MinimumVisualStudioVersion = 10.0.40219.1
Project("{2150E333-8FDC-42A3-9474-1A3956D46DE8}") = "common", "common", "{E8FBFF7E-FA90-4F9C-A57D-DDAD0834012A}"
	ProjectSection(SolutionItems) = preProject
		common\common.cpp = common\common.cpp
		common\common.h = common\common.h
		common\quick_sort.cpp = common\quick_sort.cpp
		common\search.cpp = common\search.cpp
		common\search.h = common\search.h
		common\sort.h = common\sort.h
	EndProjectSection
EndProject
Project("{8BC9CEB8-8B4A-11D0-8D11-00A0C91BC942}") = "013_Roman_to_Int", "013_Roman_to_Int\013_Roman_to_Int.vcxproj", "{5EFEE334-9FF0-4A27-AB1A-55EDDACE99C4}"
EndProject
Project("{8BC9CEB8-8B4A-11D0-8D11-00A0C91BC942}") = "015_3Sum", "015_3Sum\015_3Sum.vcxproj", "{6C9E9468-6F13-4EEA-A238-76AB7A89FF4E}"
EndProject
Project("{8BC9CEB8-8B4A-11D0-8D11-00A0C91BC942}") = "017_phone_number", "017_phone_number\017_phone_number.vcxproj", "{4F6B00F8-6E18-4CED-BF9C-D49D65F921D6}"
EndProject
Project("{8BC9CEB8-8B4A-11D0-8D11-00A0C91BC942}") = "018_4Sum", "018_4Sum\018_4Sum.vcxproj", "{8AE0FF7E-6B57-4CC8-ACD1-AD2CEFB12517}"
EndProject
Project("{8BC9CEB8-8B4A-11D0-8D11-00A0C91BC942}") = "004_Median_of_Two_Sorted_Arrays", "004_Median_of_Two_Sorted_Arrays\004_Median_of_Two_Sorted_Arrays.vcxproj", "{CD7682CB-3096-4F5E-B060-410413B67801}"
EndProject
Project("{8BC9CEB8-8B4A-11D0-8D11-00A0C91BC942}") = "020_Valid_Parentheses", "020_Valid_Parentheses\020_Valid_Parentheses.vcxproj", "{892A9885-8BA2-4B74-A40F-EC8C1FAD540E}"
EndProject
Project("{8BC9CEB8-8B4A-11D0-8D11-00A0C91BC942}") = "010_Reg_Exp_Matching", "010_Reg_Exp_Matching\010_Reg_Exp_Matching.vcxproj", "{7F6343A2-1C07-4157-B42D-DF1238C136F1}"
EndProject
Project("{8BC9CEB8-8B4A-11D0-8D11-00A0C91BC942}") = "022_Generate_Parentheses", "022_Generate_Parentheses\022_Generate_Parentheses.vcxproj", "{2B0490D8-8D13-456F-AFE1-CF4565449F21}"
EndProject
Project("{8BC9CEB8-8B4A-11D0-8D11-00A0C91BC942}") = "026_Remove_Duplicates", "026_Remove_Duplicates\026_Remove_Duplicates.vcxproj", "{9EC5135B-CF0B-47B0-AB59-4DC78ACB2E77}"
EndProject
Project("{8BC9CEB8-8B4A-11D0-8D11-00A0C91BC942}") = "023_Merge_Sorted_Lists", "023_Merge_Sorted_Lists\023_Merge_Sorted_Lists.vcxproj", "{04B1F44E-6168-4D57-8178-1CD990D1EA24}"
EndProject
Project("{8BC9CEB8-8B4A-11D0-8D11-00A0C91BC942}") = "032_Longest_Parentheses", "032_Longest_Parentheses\032_Longest_Parentheses.vcxproj", "{DD30B916-5320-4793-AF8B-6E17785A0B29}"
EndProject
Project("{8BC9CEB8-8B4A-11D0-8D11-00A0C91BC942}") = "027_Remove_Element", "027_Remove_Element\027_Remove_Element.vcxproj", "{BE7EABC2-83BD-4E15-B309-4B008D9B9A56}"
EndProject
Project("{8BC9CEB8-8B4A-11D0-8D11-00A0C91BC942}") = "028_Implement_strStr", "028_Implement_strStr\028_Implement_strStr.vcxproj", "{DE1F20D4-C573-4D4A-8932-AA65A8A01095}"
EndProject
Project("{8BC9CEB8-8B4A-11D0-8D11-00A0C91BC942}") = "029_Divide_Two_Int", "029_Divide_Two_Int\029_Divide_Two_Int.vcxproj", "{69DCF83E-215F-4171-B43B-BB80B5C448AD}"
EndProject
Project("{8BC9CEB8-8B4A-11D0-8D11-00A0C91BC942}") = "031_Next_Permutation", "031_Next_Permutation\031_Next_Permutation.vcxproj", "{6FF92552-A9ED-4C5F-B46C-11737F90A056}"
EndProject
Project("{8BC9CEB8-8B4A-11D0-8D11-00A0C91BC942}") = "033_Search_Rotated_Array", "033_Search_Rotated_Array\033_Search_Rotated_Array.vcxproj", "{8C54BD42-E8FD-4B22-9987-AB7959C2CB32}"
EndProject
Project("{8BC9CEB8-8B4A-11D0-8D11-00A0C91BC942}") = "034_Find_Rang_in_SA", "034_Find_Rang_in_SA\034_Find_Rang_in_SA.vcxproj", "{622F5466-5EBD-4E5A-A777-B0115BBD1674}"
EndProject
Project("{8BC9CEB8-8B4A-11D0-8D11-00A0C91BC942}") = "035_Search_Insert_Pos", "035_Search_Insert_Pos\035_Search_Insert_Pos.vcxproj", "{597DF115-E43F-4B3D-899A-381FD471A091}"
EndProject
Project("{8BC9CEB8-8B4A-11D0-8D11-00A0C91BC942}") = "036_Valid_Sudoku", "036_Valid_Sudoku\036_Valid_Sudoku.vcxproj", "{7D492194-5E4F-4618-B2F0-3A83F3B512B7}"
EndProject
Project("{8BC9CEB8-8B4A-11D0-8D11-00A0C91BC942}") = "037_Sudoku_Solver", "037_Sudoku_Solver\037_Sudoku_Solver.vcxproj", "{ACD092A8-A832-4153-A2CD-10451362D020}"
EndProject
Project("{8BC9CEB8-8B4A-11D0-8D11-00A0C91BC942}") = "009_Palindrome_Number", "009_Palindrome_Number\009_Palindrome_Number.vcxproj", "{A7A6A040-30BF-4270-B9F0-C1DEEE4EE315}"
EndProject
Project("{8BC9CEB8-8B4A-11D0-8D11-00A0C91BC942}") = "014_Longest_Prefix", "014_Longest_Prefix\014_Longest_Prefix.vcxproj", "{32964D82-86CE-49AB-BB41-9045A40255F0}"
EndProject
Project("{8BC9CEB8-8B4A-11D0-8D11-00A0C91BC942}") = "016_3Sum_Closest", "016_3Sum_Closest\016_3Sum_Closest.vcxproj", "{DC73F625-6326-4427-ADDE-774A80ED8AC4}"
EndProject
Project("{8BC9CEB8-8B4A-11D0-8D11-00A0C91BC942}") = "019_Remove_Nth_Node", "019_Remove_Nth_Node\019_Remove_Nth_Node.vcxproj", "{4710E397-8E7A-4282-94B5-41CE3068603F}"
EndProject
Project("{8BC9CEB8-8B4A-11D0-8D11-00A0C91BC942}") = "021_Merge_2_Sorted_Lists", "021_Merge_2_Sorted_Lists\021_Merge_2_Sorted_Lists.vcxproj", "{4414CF1C-114E-4CE1-854F-FDEEE169EC3C}"
EndProject
Project("{8BC9CEB8-8B4A-11D0-8D11-00A0C91BC942}") = "024_Swap_Nodes_in_Pairs", "024_Swap_Nodes_in_Pairs\024_Swap_Nodes_in_Pairs.vcxproj", "{EA90E92C-0F43-435E-98AA-96DEB393268F}"
EndProject
Project("{8BC9CEB8-8B4A-11D0-8D11-00A0C91BC942}") = "038_Count_and_Say", "038_Count_and_Say\038_Count_and_Say.vcxproj", "{417D5EE1-CB98-4151-8661-9C99B7FBF424}"
EndProject
Project("{8BC9CEB8-8B4A-11D0-8D11-00A0C91BC942}") = "039_Combination_Sum", "039_Combination_Sum\039_Combination_Sum.vcxproj", "{9F7703DB-DF1B-489C-AA70-D1BB99EE3EC0}"
EndProject
Project("{8BC9CEB8-8B4A-11D0-8D11-00A0C91BC942}") = "040_Combination_Sum_II", "040_Combination_Sum_II\040_Combination_Sum_II.vcxproj", "{21DA7E97-80DA-44CC-BA50-3DA3A297D714}"
EndProject
Project("{8BC9CEB8-8B4A-11D0-8D11-00A0C91BC942}") = "043_Multiply_Strings", "043_Multiply_Strings\043_Multiply_Strings.vcxproj", "{057B6444-46E2-4E56-8333-A0181BD00DFD}"
EndProject
Project("{8BC9CEB8-8B4A-11D0-8D11-00A0C91BC942}") = "045_Jump_Game_II", "045_Jump_Game_II\045_Jump_Game_II.vcxproj", "{226766E4-C52B-44CE-96FB-A73855F15B5F}"
EndProject
Project("{8BC9CEB8-8B4A-11D0-8D11-00A0C91BC942}") = "046_Permutations", "046_Permutations\046_Permutations.vcxproj", "{DF077A9D-AB38-4B76-839E-3DBEB9435CBA}"
EndProject
Project("{8BC9CEB8-8B4A-11D0-8D11-00A0C91BC942}") = "047_Permutations_II", "047_Permutations_II\047_Permutations_II.vcxproj", "{A0368FF3-1E0D-45F9-9CF7-01C0DCD6D4EB}"
EndProject
Project("{8BC9CEB8-8B4A-11D0-8D11-00A0C91BC942}") = "049_Group_Anagrams", "049_Group_Anagrams\049_Group_Anagrams.vcxproj", "{B718EED4-C6B9-4277-85A7-BAD1717AF480}"
EndProject
Project("{8BC9CEB8-8B4A-11D0-8D11-00A0C91BC942}") = "050_Pow_x_n", "050_Pow_x_n\050_Pow_x_n.vcxproj", "{0D2E1B4A-FF33-4B02-B725-2743E2753DBB}"
EndProject
Project("{8BC9CEB8-8B4A-11D0-8D11-00A0C91BC942}") = "048_Rotate_Image", "048_Rotate_Image\048_Rotate_Image.vcxproj", "{B1721B0D-411B-45B1-8DF8-A03DEF1CFA8A}"
EndProject
Project("{8BC9CEB8-8B4A-11D0-8D11-00A0C91BC942}") = "006_ZigZag_Conversion", "006_ZigZag_Conversion\006_ZigZag_Conversion.vcxproj", "{178C432C-3B45-4B55-A22B-2E20EFA55587}"
EndProject
Project("{8BC9CEB8-8B4A-11D0-8D11-00A0C91BC942}") = "001_two_sums", "001_two_sums\001_two_sums.vcxproj", "{9CD5B7F9-2590-4325-8CDB-8F6717D2E1B9}"
EndProject
Project("{8BC9CEB8-8B4A-11D0-8D11-00A0C91BC942}") = "002_add_two_numbers", "002_add_two_numbers\002_add_two_numbers.vcxproj", "{547AD02A-6E2A-43FE-9C8C-B5B3E7F0DE09}"
EndProject
Project("{8BC9CEB8-8B4A-11D0-8D11-00A0C91BC942}") = "003_longest_substring", "003_longest_substring\003_longest_substring.vcxproj", "{16298A19-B7FA-4690-9DFE-49A521684992}"
EndProject
Project("{8BC9CEB8-8B4A-11D0-8D11-00A0C91BC942}") = "005_longest_palindrome", "005_longest_palindrome\005_longest_palindrome.vcxproj", "{34BC6C6D-49F5-4C5C-B98E-21F69473C07C}"
EndProject
Project("{8BC9CEB8-8B4A-11D0-8D11-00A0C91BC942}") = "007_reverse_integer", "007_Reverse_Integer\007_Reverse_Integer.vcxproj", "{34A534EE-89E6-485C-885C-A7ADA34788DB}"
EndProject
Project("{8BC9CEB8-8B4A-11D0-8D11-00A0C91BC942}") = "008_String_to_Integer", "008_String_to_Integer\008_String_to_Integer.vcxproj", "{6FDFB379-70F6-42CF-9547-5C673D42D5E6}"
EndProject
Project("{8BC9CEB8-8B4A-11D0-8D11-00A0C91BC942}") = "011_Container", "011_Container\011_Container.vcxproj", "{E30794D2-A71F-4E53-A1F7-51E0D8DB1334}"
EndProject
Project("{8BC9CEB8-8B4A-11D0-8D11-00A0C91BC942}") = "012_int_to_roman", "012_int_to_roman\012_int_to_roman.vcxproj", "{FC4766AB-4CE7-46EC-90DB-BB2E9B521B61}"
EndProject
Project("{8BC9CEB8-8B4A-11D0-8D11-00A0C91BC942}") = "025_Reverse_K_Nodes", "025_Reverse_K_Nodes\025_Reverse_K_Nodes.vcxproj", "{C20B7604-68C4-42CB-949F-74CBBF896FF2}"
EndProject
Global
	GlobalSection(SolutionConfigurationPlatforms) = preSolution
		Debug|x64 = Debug|x64
		Debug|x86 = Debug|x86
		Release|x64 = Release|x64
		Release|x86 = Release|x86
	EndGlobalSection
	GlobalSection(ProjectConfigurationPlatforms) = postSolution
		{5EFEE334-9FF0-4A27-AB1A-55EDDACE99C4}.Debug|x64.ActiveCfg = Debug|x64
		{5EFEE334-9FF0-4A27-AB1A-55EDDACE99C4}.Debug|x64.Build.0 = Debug|x64
		{5EFEE334-9FF0-4A27-AB1A-55EDDACE99C4}.Debug|x86.ActiveCfg = Debug|Win32
		{5EFEE334-9FF0-4A27-AB1A-55EDDACE99C4}.Debug|x86.Build.0 = Debug|Win32
		{5EFEE334-9FF0-4A27-AB1A-55EDDACE99C4}.Release|x64.ActiveCfg = Release|x64
		{5EFEE334-9FF0-4A27-AB1A-55EDDACE99C4}.Release|x64.Build.0 = Release|x64
		{5EFEE334-9FF0-4A27-AB1A-55EDDACE99C4}.Release|x86.ActiveCfg = Release|Win32
		{5EFEE334-9FF0-4A27-AB1A-55EDDACE99C4}.Release|x86.Build.0 = Release|Win32
		{6C9E9468-6F13-4EEA-A238-76AB7A89FF4E}.Debug|x64.ActiveCfg = Debug|x64
		{6C9E9468-6F13-4EEA-A238-76AB7A89FF4E}.Debug|x64.Build.0 = Debug|x64
		{6C9E9468-6F13-4EEA-A238-76AB7A89FF4E}.Debug|x86.ActiveCfg = Debug|Win32
		{6C9E9468-6F13-4EEA-A238-76AB7A89FF4E}.Debug|x86.Build.0 = Debug|Win32
		{6C9E9468-6F13-4EEA-A238-76AB7A89FF4E}.Release|x64.ActiveCfg = Release|x64
		{6C9E9468-6F13-4EEA-A238-76AB7A89FF4E}.Release|x64.Build.0 = Release|x64
		{6C9E9468-6F13-4EEA-A238-76AB7A89FF4E}.Release|x86.ActiveCfg = Release|Win32
		{6C9E9468-6F13-4EEA-A238-76AB7A89FF4E}.Release|x86.Build.0 = Release|Win32
		{4F6B00F8-6E18-4CED-BF9C-D49D65F921D6}.Debug|x64.ActiveCfg = Debug|x64
		{4F6B00F8-6E18-4CED-BF9C-D49D65F921D6}.Debug|x64.Build.0 = Debug|x64
		{4F6B00F8-6E18-4CED-BF9C-D49D65F921D6}.Debug|x86.ActiveCfg = Debug|Win32
		{4F6B00F8-6E18-4CED-BF9C-D49D65F921D6}.Debug|x86.Build.0 = Debug|Win32
		{4F6B00F8-6E18-4CED-BF9C-D49D65F921D6}.Release|x64.ActiveCfg = Release|x64
		{4F6B00F8-6E18-4CED-BF9C-D49D65F921D6}.Release|x64.Build.0 = Release|x64
		{4F6B00F8-6E18-4CED-BF9C-D49D65F921D6}.Release|x86.ActiveCfg = Release|Win32
		{4F6B00F8-6E18-4CED-BF9C-D49D65F921D6}.Release|x86.Build.0 = Release|Win32
		{8AE0FF7E-6B57-4CC8-ACD1-AD2CEFB12517}.Debug|x64.ActiveCfg = Debug|x64
		{8AE0FF7E-6B57-4CC8-ACD1-AD2CEFB12517}.Debug|x64.Build.0 = Debug|x64
		{8AE0FF7E-6B57-4CC8-ACD1-AD2CEFB12517}.Debug|x86.ActiveCfg = Debug|Win32
		{8AE0FF7E-6B57-4CC8-ACD1-AD2CEFB12517}.Debug|x86.Build.0 = Debug|Win32
		{8AE0FF7E-6B57-4CC8-ACD1-AD2CEFB12517}.Release|x64.ActiveCfg = Release|x64
		{8AE0FF7E-6B57-4CC8-ACD1-AD2CEFB12517}.Release|x64.Build.0 = Release|x64
		{8AE0FF7E-6B57-4CC8-ACD1-AD2CEFB12517}.Release|x86.ActiveCfg = Release|Win32
		{8AE0FF7E-6B57-4CC8-ACD1-AD2CEFB12517}.Release|x86.Build.0 = Release|Win32
		{CD7682CB-3096-4F5E-B060-410413B67801}.Debug|x64.ActiveCfg = Debug|x64
		{CD7682CB-3096-4F5E-B060-410413B67801}.Debug|x64.Build.0 = Debug|x64
		{CD7682CB-3096-4F5E-B060-410413B67801}.Debug|x86.ActiveCfg = Debug|Win32
		{CD7682CB-3096-4F5E-B060-410413B67801}.Debug|x86.Build.0 = Debug|Win32
		{CD7682CB-3096-4F5E-B060-410413B67801}.Release|x64.ActiveCfg = Release|x64
		{CD7682CB-3096-4F5E-B060-410413B67801}.Release|x64.Build.0 = Release|x64
		{CD7682CB-3096-4F5E-B060-410413B67801}.Release|x86.ActiveCfg = Release|Win32
		{CD7682CB-3096-4F5E-B060-410413B67801}.Release|x86.Build.0 = Release|Win32
		{892A9885-8BA2-4B74-A40F-EC8C1FAD540E}.Debug|x64.ActiveCfg = Debug|x64
		{892A9885-8BA2-4B74-A40F-EC8C1FAD540E}.Debug|x64.Build.0 = Debug|x64
		{892A9885-8BA2-4B74-A40F-EC8C1FAD540E}.Debug|x86.ActiveCfg = Debug|Win32
		{892A9885-8BA2-4B74-A40F-EC8C1FAD540E}.Debug|x86.Build.0 = Debug|Win32
		{892A9885-8BA2-4B74-A40F-EC8C1FAD540E}.Release|x64.ActiveCfg = Release|x64
		{892A9885-8BA2-4B74-A40F-EC8C1FAD540E}.Release|x64.Build.0 = Release|x64
		{892A9885-8BA2-4B74-A40F-EC8C1FAD540E}.Release|x86.ActiveCfg = Release|Win32
		{892A9885-8BA2-4B74-A40F-EC8C1FAD540E}.Release|x86.Build.0 = Release|Win32
		{7F6343A2-1C07-4157-B42D-DF1238C136F1}.Debug|x64.ActiveCfg = Debug|x64
		{7F6343A2-1C07-4157-B42D-DF1238C136F1}.Debug|x64.Build.0 = Debug|x64
		{7F6343A2-1C07-4157-B42D-DF1238C136F1}.Debug|x86.ActiveCfg = Debug|Win32
		{7F6343A2-1C07-4157-B42D-DF1238C136F1}.Debug|x86.Build.0 = Debug|Win32
		{7F6343A2-1C07-4157-B42D-DF1238C136F1}.Release|x64.ActiveCfg = Release|x64
		{7F6343A2-1C07-4157-B42D-DF1238C136F1}.Release|x64.Build.0 = Release|x64
		{7F6343A2-1C07-4157-B42D-DF1238C136F1}.Release|x86.ActiveCfg = Release|Win32
		{7F6343A2-1C07-4157-B42D-DF1238C136F1}.Release|x86.Build.0 = Release|Win32
		{2B0490D8-8D13-456F-AFE1-CF4565449F21}.Debug|x64.ActiveCfg = Debug|x64
		{2B0490D8-8D13-456F-AFE1-CF4565449F21}.Debug|x64.Build.0 = Debug|x64
		{2B0490D8-8D13-456F-AFE1-CF4565449F21}.Debug|x86.ActiveCfg = Debug|Win32
		{2B0490D8-8D13-456F-AFE1-CF4565449F21}.Debug|x86.Build.0 = Debug|Win32
		{2B0490D8-8D13-456F-AFE1-CF4565449F21}.Release|x64.ActiveCfg = Release|x64
		{2B0490D8-8D13-456F-AFE1-CF4565449F21}.Release|x64.Build.0 = Release|x64
		{2B0490D8-8D13-456F-AFE1-CF4565449F21}.Release|x86.ActiveCfg = Release|Win32
		{2B0490D8-8D13-456F-AFE1-CF4565449F21}.Release|x86.Build.0 = Release|Win32
		{9EC5135B-CF0B-47B0-AB59-4DC78ACB2E77}.Debug|x64.ActiveCfg = Debug|x64
		{9EC5135B-CF0B-47B0-AB59-4DC78ACB2E77}.Debug|x64.Build.0 = Debug|x64
		{9EC5135B-CF0B-47B0-AB59-4DC78ACB2E77}.Debug|x86.ActiveCfg = Debug|Win32
		{9EC5135B-CF0B-47B0-AB59-4DC78ACB2E77}.Debug|x86.Build.0 = Debug|Win32
		{9EC5135B-CF0B-47B0-AB59-4DC78ACB2E77}.Release|x64.ActiveCfg = Release|x64
		{9EC5135B-CF0B-47B0-AB59-4DC78ACB2E77}.Release|x64.Build.0 = Release|x64
		{9EC5135B-CF0B-47B0-AB59-4DC78ACB2E77}.Release|x86.ActiveCfg = Release|Win32
		{9EC5135B-CF0B-47B0-AB59-4DC78ACB2E77}.Release|x86.Build.0 = Release|Win32
		{04B1F44E-6168-4D57-8178-1CD990D1EA24}.Debug|x64.ActiveCfg = Debug|x64
		{04B1F44E-6168-4D57-8178-1CD990D1EA24}.Debug|x64.Build.0 = Debug|x64
		{04B1F44E-6168-4D57-8178-1CD990D1EA24}.Debug|x86.ActiveCfg = Debug|Win32
		{04B1F44E-6168-4D57-8178-1CD990D1EA24}.Debug|x86.Build.0 = Debug|Win32
		{04B1F44E-6168-4D57-8178-1CD990D1EA24}.Release|x64.ActiveCfg = Release|x64
		{04B1F44E-6168-4D57-8178-1CD990D1EA24}.Release|x64.Build.0 = Release|x64
		{04B1F44E-6168-4D57-8178-1CD990D1EA24}.Release|x86.ActiveCfg = Release|Win32
		{04B1F44E-6168-4D57-8178-1CD990D1EA24}.Release|x86.Build.0 = Release|Win32
		{DD30B916-5320-4793-AF8B-6E17785A0B29}.Debug|x64.ActiveCfg = Debug|x64
		{DD30B916-5320-4793-AF8B-6E17785A0B29}.Debug|x64.Build.0 = Debug|x64
		{DD30B916-5320-4793-AF8B-6E17785A0B29}.Debug|x86.ActiveCfg = Debug|Win32
		{DD30B916-5320-4793-AF8B-6E17785A0B29}.Debug|x86.Build.0 = Debug|Win32
		{DD30B916-5320-4793-AF8B-6E17785A0B29}.Release|x64.ActiveCfg = Release|x64
		{DD30B916-5320-4793-AF8B-6E17785A0B29}.Release|x64.Build.0 = Release|x64
		{DD30B916-5320-4793-AF8B-6E17785A0B29}.Release|x86.ActiveCfg = Release|Win32
		{DD30B916-5320-4793-AF8B-6E17785A0B29}.Release|x86.Build.0 = Release|Win32
		{BE7EABC2-83BD-4E15-B309-4B008D9B9A56}.Debug|x64.ActiveCfg = Debug|x64
		{BE7EABC2-83BD-4E15-B309-4B008D9B9A56}.Debug|x64.Build.0 = Debug|x64
		{BE7EABC2-83BD-4E15-B309-4B008D9B9A56}.Debug|x86.ActiveCfg = Debug|Win32
		{BE7EABC2-83BD-4E15-B309-4B008D9B9A56}.Debug|x86.Build.0 = Debug|Win32
		{BE7EABC2-83BD-4E15-B309-4B008D9B9A56}.Release|x64.ActiveCfg = Release|x64
		{BE7EABC2-83BD-4E15-B309-4B008D9B9A56}.Release|x64.Build.0 = Release|x64
		{BE7EABC2-83BD-4E15-B309-4B008D9B9A56}.Release|x86.ActiveCfg = Release|Win32
		{BE7EABC2-83BD-4E15-B309-4B008D9B9A56}.Release|x86.Build.0 = Release|Win32
		{DE1F20D4-C573-4D4A-8932-AA65A8A01095}.Debug|x64.ActiveCfg = Debug|x64
		{DE1F20D4-C573-4D4A-8932-AA65A8A01095}.Debug|x64.Build.0 = Debug|x64
		{DE1F20D4-C573-4D4A-8932-AA65A8A01095}.Debug|x86.ActiveCfg = Debug|Win32
		{DE1F20D4-C573-4D4A-8932-AA65A8A01095}.Debug|x86.Build.0 = Debug|Win32
		{DE1F20D4-C573-4D4A-8932-AA65A8A01095}.Release|x64.ActiveCfg = Release|x64
		{DE1F20D4-C573-4D4A-8932-AA65A8A01095}.Release|x64.Build.0 = Release|x64
		{DE1F20D4-C573-4D4A-8932-AA65A8A01095}.Release|x86.ActiveCfg = Release|Win32
		{DE1F20D4-C573-4D4A-8932-AA65A8A01095}.Release|x86.Build.0 = Release|Win32
		{69DCF83E-215F-4171-B43B-BB80B5C448AD}.Debug|x64.ActiveCfg = Debug|x64
		{69DCF83E-215F-4171-B43B-BB80B5C448AD}.Debug|x64.Build.0 = Debug|x64
		{69DCF83E-215F-4171-B43B-BB80B5C448AD}.Debug|x86.ActiveCfg = Debug|Win32
		{69DCF83E-215F-4171-B43B-BB80B5C448AD}.Debug|x86.Build.0 = Debug|Win32
		{69DCF83E-215F-4171-B43B-BB80B5C448AD}.Release|x64.ActiveCfg = Release|x64
		{69DCF83E-215F-4171-B43B-BB80B5C448AD}.Release|x64.Build.0 = Release|x64
		{69DCF83E-215F-4171-B43B-BB80B5C448AD}.Release|x86.ActiveCfg = Release|Win32
		{69DCF83E-215F-4171-B43B-BB80B5C448AD}.Release|x86.Build.0 = Release|Win32
		{6FF92552-A9ED-4C5F-B46C-11737F90A056}.Debug|x64.ActiveCfg = Debug|x64
		{6FF92552-A9ED-4C5F-B46C-11737F90A056}.Debug|x64.Build.0 = Debug|x64
		{6FF92552-A9ED-4C5F-B46C-11737F90A056}.Debug|x86.ActiveCfg = Debug|Win32
		{6FF92552-A9ED-4C5F-B46C-11737F90A056}.Debug|x86.Build.0 = Debug|Win32
		{6FF92552-A9ED-4C5F-B46C-11737F90A056}.Release|x64.ActiveCfg = Release|x64
		{6FF92552-A9ED-4C5F-B46C-11737F90A056}.Release|x64.Build.0 = Release|x64
		{6FF92552-A9ED-4C5F-B46C-11737F90A056}.Release|x86.ActiveCfg = Release|Win32
		{6FF92552-A9ED-4C5F-B46C-11737F90A056}.Release|x86.Build.0 = Release|Win32
		{8C54BD42-E8FD-4B22-9987-AB7959C2CB32}.Debug|x64.ActiveCfg = Debug|x64
		{8C54BD42-E8FD-4B22-9987-AB7959C2CB32}.Debug|x64.Build.0 = Debug|x64
		{8C54BD42-E8FD-4B22-9987-AB7959C2CB32}.Debug|x86.ActiveCfg = Debug|Win32
		{8C54BD42-E8FD-4B22-9987-AB7959C2CB32}.Debug|x86.Build.0 = Debug|Win32
		{8C54BD42-E8FD-4B22-9987-AB7959C2CB32}.Release|x64.ActiveCfg = Release|x64
		{8C54BD42-E8FD-4B22-9987-AB7959C2CB32}.Release|x64.Build.0 = Release|x64
		{8C54BD42-E8FD-4B22-9987-AB7959C2CB32}.Release|x86.ActiveCfg = Release|Win32
		{8C54BD42-E8FD-4B22-9987-AB7959C2CB32}.Release|x86.Build.0 = Release|Win32
		{622F5466-5EBD-4E5A-A777-B0115BBD1674}.Debug|x64.ActiveCfg = Debug|x64
		{622F5466-5EBD-4E5A-A777-B0115BBD1674}.Debug|x64.Build.0 = Debug|x64
		{622F5466-5EBD-4E5A-A777-B0115BBD1674}.Debug|x86.ActiveCfg = Debug|Win32
		{622F5466-5EBD-4E5A-A777-B0115BBD1674}.Debug|x86.Build.0 = Debug|Win32
		{622F5466-5EBD-4E5A-A777-B0115BBD1674}.Release|x64.ActiveCfg = Release|x64
		{622F5466-5EBD-4E5A-A777-B0115BBD1674}.Release|x64.Build.0 = Release|x64
		{622F5466-5EBD-4E5A-A777-B0115BBD1674}.Release|x86.ActiveCfg = Release|Win32
		{622F5466-5EBD-4E5A-A777-B0115BBD1674}.Release|x86.Build.0 = Release|Win32
		{597DF115-E43F-4B3D-899A-381FD471A091}.Debug|x64.ActiveCfg = Debug|x64
		{597DF115-E43F-4B3D-899A-381FD471A091}.Debug|x64.Build.0 = Debug|x64
		{597DF115-E43F-4B3D-899A-381FD471A091}.Debug|x86.ActiveCfg = Debug|Win32
		{597DF115-E43F-4B3D-899A-381FD471A091}.Debug|x86.Build.0 = Debug|Win32
		{597DF115-E43F-4B3D-899A-381FD471A091}.Release|x64.ActiveCfg = Release|x64
		{597DF115-E43F-4B3D-899A-381FD471A091}.Release|x64.Build.0 = Release|x64
		{597DF115-E43F-4B3D-899A-381FD471A091}.Release|x86.ActiveCfg = Release|Win32
		{597DF115-E43F-4B3D-899A-381FD471A091}.Release|x86.Build.0 = Release|Win32
		{7D492194-5E4F-4618-B2F0-3A83F3B512B7}.Debug|x64.ActiveCfg = Debug|x64
		{7D492194-5E4F-4618-B2F0-3A83F3B512B7}.Debug|x64.Build.0 = Debug|x64
		{7D492194-5E4F-4618-B2F0-3A83F3B512B7}.Debug|x86.ActiveCfg = Debug|Win32
		{7D492194-5E4F-4618-B2F0-3A83F3B512B7}.Debug|x86.Build.0 = Debug|Win32
		{7D492194-5E4F-4618-B2F0-3A83F3B512B7}.Release|x64.ActiveCfg = Release|x64
		{7D492194-5E4F-4618-B2F0-3A83F3B512B7}.Release|x64.Build.0 = Release|x64
		{7D492194-5E4F-4618-B2F0-3A83F3B512B7}.Release|x86.ActiveCfg = Release|Win32
		{7D492194-5E4F-4618-B2F0-3A83F3B512B7}.Release|x86.Build.0 = Release|Win32
		{ACD092A8-A832-4153-A2CD-10451362D020}.Debug|x64.ActiveCfg = Debug|x64
		{ACD092A8-A832-4153-A2CD-10451362D020}.Debug|x64.Build.0 = Debug|x64
		{ACD092A8-A832-4153-A2CD-10451362D020}.Debug|x86.ActiveCfg = Debug|Win32
		{ACD092A8-A832-4153-A2CD-10451362D020}.Debug|x86.Build.0 = Debug|Win32
		{ACD092A8-A832-4153-A2CD-10451362D020}.Release|x64.ActiveCfg = Release|x64
		{ACD092A8-A832-4153-A2CD-10451362D020}.Release|x64.Build.0 = Release|x64
		{ACD092A8-A832-4153-A2CD-10451362D020}.Release|x86.ActiveCfg = Release|Win32
		{ACD092A8-A832-4153-A2CD-10451362D020}.Release|x86.Build.0 = Release|Win32
		{A7A6A040-30BF-4270-B9F0-C1DEEE4EE315}.Debug|x64.ActiveCfg = Debug|x64
		{A7A6A040-30BF-4270-B9F0-C1DEEE4EE315}.Debug|x64.Build.0 = Debug|x64
		{A7A6A040-30BF-4270-B9F0-C1DEEE4EE315}.Debug|x86.ActiveCfg = Debug|Win32
		{A7A6A040-30BF-4270-B9F0-C1DEEE4EE315}.Debug|x86.Build.0 = Debug|Win32
		{A7A6A040-30BF-4270-B9F0-C1DEEE4EE315}.Release|x64.ActiveCfg = Release|x64
		{A7A6A040-30BF-4270-B9F0-C1DEEE4EE315}.Release|x64.Build.0 = Release|x64
		{A7A6A040-30BF-4270-B9F0-C1DEEE4EE315}.Release|x86.ActiveCfg = Release|Win32
		{A7A6A040-30BF-4270-B9F0-C1DEEE4EE315}.Release|x86.Build.0 = Release|Win32
		{32964D82-86CE-49AB-BB41-9045A40255F0}.Debug|x64.ActiveCfg = Debug|x64
		{32964D82-86CE-49AB-BB41-9045A40255F0}.Debug|x64.Build.0 = Debug|x64
		{32964D82-86CE-49AB-BB41-9045A40255F0}.Debug|x86.ActiveCfg = Debug|Win32
		{32964D82-86CE-49AB-BB41-9045A40255F0}.Debug|x86.Build.0 = Debug|Win32
		{32964D82-86CE-49AB-BB41-9045A40255F0}.Release|x64.ActiveCfg = Release|x64
		{32964D82-86CE-49AB-BB41-9045A40255F0}.Release|x64.Build.0 = Release|x64
		{32964D82-86CE-49AB-BB41-9045A40255F0}.Release|x86.ActiveCfg = Release|Win32
		{32964D82-86CE-49AB-BB41-9045A40255F0}.Release|x86.Build.0 = Release|Win32
		{DC73F625-6326-4427-ADDE-774A80ED8AC4}.Debug|x64.ActiveCfg = Debug|x64
		{DC73F625-6326-4427-ADDE-774A80ED8AC4}.Debug|x64.Build.0 = Debug|x64
		{DC73F625-6326-4427-ADDE-774A80ED8AC4}.Debug|x86.ActiveCfg = Debug|Win32
		{DC73F625-6326-4427-ADDE-774A80ED8AC4}.Debug|x86.Build.0 = Debug|Win32
		{DC73F625-6326-4427-ADDE-774A80ED8AC4}.Release|x64.ActiveCfg = Release|x64
		{DC73F625-6326-4427-ADDE-774A80ED8AC4}.Release|x64.Build.0 = Release|x64
		{DC73F625-6326-4427-ADDE-774A80ED8AC4}.Release|x86.ActiveCfg = Release|Win32
		{DC73F625-6326-4427-ADDE-774A80ED8AC4}.Release|x86.Build.0 = Release|Win32
		{4710E397-8E7A-4282-94B5-41CE3068603F}.Debug|x64.ActiveCfg = Debug|x64
		{4710E397-8E7A-4282-94B5-41CE3068603F}.Debug|x64.Build.0 = Debug|x64
		{4710E397-8E7A-4282-94B5-41CE3068603F}.Debug|x86.ActiveCfg = Debug|Win32
		{4710E397-8E7A-4282-94B5-41CE3068603F}.Debug|x86.Build.0 = Debug|Win32
		{4710E397-8E7A-4282-94B5-41CE3068603F}.Release|x64.ActiveCfg = Release|x64
		{4710E397-8E7A-4282-94B5-41CE3068603F}.Release|x64.Build.0 = Release|x64
		{4710E397-8E7A-4282-94B5-41CE3068603F}.Release|x86.ActiveCfg = Release|Win32
		{4710E397-8E7A-4282-94B5-41CE3068603F}.Release|x86.Build.0 = Release|Win32
		{4414CF1C-114E-4CE1-854F-FDEEE169EC3C}.Debug|x64.ActiveCfg = Debug|x64
		{4414CF1C-114E-4CE1-854F-FDEEE169EC3C}.Debug|x64.Build.0 = Debug|x64
		{4414CF1C-114E-4CE1-854F-FDEEE169EC3C}.Debug|x86.ActiveCfg = Debug|Win32
		{4414CF1C-114E-4CE1-854F-FDEEE169EC3C}.Debug|x86.Build.0 = Debug|Win32
		{4414CF1C-114E-4CE1-854F-FDEEE169EC3C}.Release|x64.ActiveCfg = Release|x64
		{4414CF1C-114E-4CE1-854F-FDEEE169EC3C}.Release|x64.Build.0 = Release|x64
		{4414CF1C-114E-4CE1-854F-FDEEE169EC3C}.Release|x86.ActiveCfg = Release|Win32
		{4414CF1C-114E-4CE1-854F-FDEEE169EC3C}.Release|x86.Build.0 = Release|Win32
		{EA90E92C-0F43-435E-98AA-96DEB393268F}.Debug|x64.ActiveCfg = Debug|x64
		{EA90E92C-0F43-435E-98AA-96DEB393268F}.Debug|x64.Build.0 = Debug|x64
		{EA90E92C-0F43-435E-98AA-96DEB393268F}.Debug|x86.ActiveCfg = Debug|Win32
		{EA90E92C-0F43-435E-98AA-96DEB393268F}.Debug|x86.Build.0 = Debug|Win32
		{EA90E92C-0F43-435E-98AA-96DEB393268F}.Release|x64.ActiveCfg = Release|x64
		{EA90E92C-0F43-435E-98AA-96DEB393268F}.Release|x64.Build.0 = Release|x64
		{EA90E92C-0F43-435E-98AA-96DEB393268F}.Release|x86.ActiveCfg = Release|Win32
		{EA90E92C-0F43-435E-98AA-96DEB393268F}.Release|x86.Build.0 = Release|Win32
		{417D5EE1-CB98-4151-8661-9C99B7FBF424}.Debug|x64.ActiveCfg = Debug|x64
		{417D5EE1-CB98-4151-8661-9C99B7FBF424}.Debug|x64.Build.0 = Debug|x64
		{417D5EE1-CB98-4151-8661-9C99B7FBF424}.Debug|x86.ActiveCfg = Debug|Win32
		{417D5EE1-CB98-4151-8661-9C99B7FBF424}.Debug|x86.Build.0 = Debug|Win32
		{417D5EE1-CB98-4151-8661-9C99B7FBF424}.Release|x64.ActiveCfg = Release|x64
		{417D5EE1-CB98-4151-8661-9C99B7FBF424}.Release|x64.Build.0 = Release|x64
		{417D5EE1-CB98-4151-8661-9C99B7FBF424}.Release|x86.ActiveCfg = Release|Win32
		{417D5EE1-CB98-4151-8661-9C99B7FBF424}.Release|x86.Build.0 = Release|Win32
		{9F7703DB-DF1B-489C-AA70-D1BB99EE3EC0}.Debug|x64.ActiveCfg = Debug|x64
		{9F7703DB-DF1B-489C-AA70-D1BB99EE3EC0}.Debug|x64.Build.0 = Debug|x64
		{9F7703DB-DF1B-489C-AA70-D1BB99EE3EC0}.Debug|x86.ActiveCfg = Debug|Win32
		{9F7703DB-DF1B-489C-AA70-D1BB99EE3EC0}.Debug|x86.Build.0 = Debug|Win32
		{9F7703DB-DF1B-489C-AA70-D1BB99EE3EC0}.Release|x64.ActiveCfg = Release|x64
		{9F7703DB-DF1B-489C-AA70-D1BB99EE3EC0}.Release|x64.Build.0 = Release|x64
		{9F7703DB-DF1B-489C-AA70-D1BB99EE3EC0}.Release|x86.ActiveCfg = Release|Win32
		{9F7703DB-DF1B-489C-AA70-D1BB99EE3EC0}.Release|x86.Build.0 = Release|Win32
		{21DA7E97-80DA-44CC-BA50-3DA3A297D714}.Debug|x64.ActiveCfg = Debug|x64
		{21DA7E97-80DA-44CC-BA50-3DA3A297D714}.Debug|x64.Build.0 = Debug|x64
		{21DA7E97-80DA-44CC-BA50-3DA3A297D714}.Debug|x86.ActiveCfg = Debug|Win32
		{21DA7E97-80DA-44CC-BA50-3DA3A297D714}.Debug|x86.Build.0 = Debug|Win32
		{21DA7E97-80DA-44CC-BA50-3DA3A297D714}.Release|x64.ActiveCfg = Release|x64
		{21DA7E97-80DA-44CC-BA50-3DA3A297D714}.Release|x64.Build.0 = Release|x64
		{21DA7E97-80DA-44CC-BA50-3DA3A297D714}.Release|x86.ActiveCfg = Release|Win32
		{21DA7E97-80DA-44CC-BA50-3DA3A297D714}.Release|x86.Build.0 = Release|Win32
		{057B6444-46E2-4E56-8333-A0181BD00DFD}.Debug|x64.ActiveCfg = Debug|x64
		{057B6444-46E2-4E56-8333-A0181BD00DFD}.Debug|x64.Build.0 = Debug|x64
		{057B6444-46E2-4E56-8333-A0181BD00DFD}.Debug|x86.ActiveCfg = Debug|Win32
		{057B6444-46E2-4E56-8333-A0181BD00DFD}.Debug|x86.Build.0 = Debug|Win32
		{057B6444-46E2-4E56-8333-A0181BD00DFD}.Release|x64.ActiveCfg = Release|x64
		{057B6444-46E2-4E56-8333-A0181BD00DFD}.Release|x64.Build.0 = Release|x64
		{057B6444-46E2-4E56-8333-A0181BD00DFD}.Release|x86.ActiveCfg = Release|Win32
		{057B6444-46E2-4E56-8333-A0181BD00DFD}.Release|x86.Build.0 = Release|Win32
		{226766E4-C52B-44CE-96FB-A73855F15B5F}.Debug|x64.ActiveCfg = Debug|x64
		{226766E4-C52B-44CE-96FB-A73855F15B5F}.Debug|x64.Build.0 = Debug|x64
		{226766E4-C52B-44CE-96FB-A73855F15B5F}.Debug|x86.ActiveCfg = Debug|Win32
		{226766E4-C52B-44CE-96FB-A73855F15B5F}.Debug|x86.Build.0 = Debug|Win32
		{226766E4-C52B-44CE-96FB-A73855F15B5F}.Release|x64.ActiveCfg = Release|x64
		{226766E4-C52B-44CE-96FB-A73855F15B5F}.Release|x64.Build.0 = Release|x64
		{226766E4-C52B-44CE-96FB-A73855F15B5F}.Release|x86.ActiveCfg = Release|Win32
		{226766E4-C52B-44CE-96FB-A73855F15B5F}.Release|x86.Build.0 = Release|Win32
		{DF077A9D-AB38-4B76-839E-3DBEB9435CBA}.Debug|x64.ActiveCfg = Debug|x64
		{DF077A9D-AB38-4B76-839E-3DBEB9435CBA}.Debug|x64.Build.0 = Debug|x64
		{DF077A9D-AB38-4B76-839E-3DBEB9435CBA}.Debug|x86.ActiveCfg = Debug|Win32
		{DF077A9D-AB38-4B76-839E-3DBEB9435CBA}.Debug|x86.Build.0 = Debug|Win32
		{DF077A9D-AB38-4B76-839E-3DBEB9435CBA}.Release|x64.ActiveCfg = Release|x64
		{DF077A9D-AB38-4B76-839E-3DBEB9435CBA}.Release|x64.Build.0 = Release|x64
		{DF077A9D-AB38-4B76-839E-3DBEB9435CBA}.Release|x86.ActiveCfg = Release|Win32
		{DF077A9D-AB38-4B76-839E-3DBEB9435CBA}.Release|x86.Build.0 = Release|Win32
		{A0368FF3-1E0D-45F9-9CF7-01C0DCD6D4EB}.Debug|x64.ActiveCfg = Debug|x64
		{A0368FF3-1E0D-45F9-9CF7-01C0DCD6D4EB}.Debug|x64.Build.0 = Debug|x64
		{A0368FF3-1E0D-45F9-9CF7-01C0DCD6D4EB}.Debug|x86.ActiveCfg = Debug|Win32
		{A0368FF3-1E0D-45F9-9CF7-01C0DCD6D4EB}.Debug|x86.Build.0 = Debug|Win32
		{A0368FF3-1E0D-45F9-9CF7-01C0DCD6D4EB}.Release|x64.ActiveCfg = Release|x64
		{A0368FF3-1E0D-45F9-9CF7-01C0DCD6D4EB}.Release|x64.Build.0 = Release|x64
		{A0368FF3-1E0D-45F9-9CF7-01C0DCD6D4EB}.Release|x86.ActiveCfg = Release|Win32
		{A0368FF3-1E0D-45F9-9CF7-01C0DCD6D4EB}.Release|x86.Build.0 = Release|Win32
		{B718EED4-C6B9-4277-85A7-BAD1717AF480}.Debug|x64.ActiveCfg = Debug|x64
		{B718EED4-C6B9-4277-85A7-BAD1717AF480}.Debug|x64.Build.0 = Debug|x64
		{B718EED4-C6B9-4277-85A7-BAD1717AF480}.Debug|x86.ActiveCfg = Debug|Win32
		{B718EED4-C6B9-4277-85A7-BAD1717AF480}.Debug|x86.Build.0 = Debug|Win32
		{B718EED4-C6B9-4277-85A7-BAD1717AF480}.Release|x64.ActiveCfg = Release|x64
		{B718EED4-C6B9-4277-85A7-BAD1717AF480}.Release|x64.Build.0 = Release|x64
		{B718EED4-C6B9-4277-85A7-BAD1717AF480}.Release|x86.ActiveCfg = Release|Win32
		{B718EED4-C6B9-4277-85A7-BAD1717AF480}.Release|x86.Build.0 = Release|Win32
		{0D2E1B4A-FF33-4B02-B725-2743E2753DBB}.Debug|x64.ActiveCfg = Debug|x64
		{0D2E1B4A-FF33-4B02-B725-2743E2753DBB}.Debug|x64.Build.0 = Debug|x64
		{0D2E1B4A-FF33-4B02-B725-2743E2753DBB}.Debug|x86.ActiveCfg = Debug|Win32
		{0D2E1B4A-FF33-4B02-B725-2743E2753DBB}.Debug|x86.Build.0 = Debug|Win32
		{0D2E1B4A-FF33-4B02-B725-2743E2753DBB}.Release|x64.ActiveCfg = Release|x64
		{0D2E1B4A-FF33-4B02-B725-2743E2753DBB}.Release|x64.Build.0 = Release|x64
		{0D2E1B4A-FF33-4B02-B725-2743E2753DBB}.Release|x86.ActiveCfg = Release|Win32
		{0D2E1B4A-FF33-4B02-B725-2743E2753DBB}.Release|x86.Build.0 = Release|Win32
		{B1721B0D-411B-45B1-8DF8-A03DEF1CFA8A}.Debug|x64.ActiveCfg = Debug|x64
		{B1721B0D-411B-45B1-8DF8-A03DEF1CFA8A}.Debug|x64.Build.0 = Debug|x64
		{B1721B0D-411B-45B1-8DF8-A03DEF1CFA8A}.Debug|x86.ActiveCfg = Debug|Win32
		{B1721B0D-411B-45B1-8DF8-A03DEF1CFA8A}.Debug|x86.Build.0 = Debug|Win32
		{B1721B0D-411B-45B1-8DF8-A03DEF1CFA8A}.Release|x64.ActiveCfg = Release|x64
		{B1721B0D-411B-45B1-8DF8-A03DEF1CFA8A}.Release|x64.Build.0 = Release|x64
		{B1721B0D-411B-45B1-8DF8-A03DEF1CFA8A}.Release|x86.ActiveCfg = Release|Win32
		{B1721B0D-411B-45B1-8DF8-A03DEF1CFA8A}.Release|x86.Build.0 = Release|Win32
		{178C432C-3B45-4B55-A22B-2E20EFA55587}.Debug|x64.ActiveCfg = Debug|x64
		{178C432C-3B45-4B55-A22B-2E20EFA55587}.Debug|x64.Build.0 = Debug|x64
		{178C432C-3B45-4B55-A22B-2E20EFA55587}.Debug|x86.ActiveCfg = Debug|Win32
		{178C432C-3B45-4B55-A22B-2E20EFA55587}.Debug|x86.Build.0 = Debug|Win32
		{178C432C-3B45-4B55-A22B-2E20EFA55587}.Release|x64.ActiveCfg = Release|x64
		{178C432C-3B45-4B55-A22B-2E20EFA55587}.Release|x64.Build.0 = Release|x64
		{178C432C-3B45-4B55-A22B-2E20EFA55587}.Release|x86.ActiveCfg = Release|Win32
		{178C432C-3B45-4B55-A22B-2E20EFA55587}.Release|x86.Build.0 = Release|Win32
		{9CD5B7F9-2590-4325-8CDB-8F6717D2E1B9}.Debug|x64.ActiveCfg = Debug|x64
		{9CD5B7F9-2590-4325-8CDB-8F6717D2E1B9}.Debug|x64.Build.0 = Debug|x64
		{9CD5B7F9-2590-4325-8CDB-8F6717D2E1B9}.Debug|x86.ActiveCfg = Debug|Win32
		{9CD5B7F9-2590-4325-8CDB-8F6717D2E1B9}.Debug|x86.Build.0 = Debug|Win32
		{9CD5B7F9-2590-4325-8CDB-8F6717D2E1B9}.Release|x64.ActiveCfg = Release|x64
		{9CD5B7F9-2590-4325-8CDB-8F6717D2E1B9}.Release|x64.Build.0 = Release|x64
		{9CD5B7F9-2590-4325-8CDB-8F6717D2E1B9}.Release|x86.ActiveCfg = Release|Win32
		{9CD5B7F9-2590-4325-8CDB-8F6717D2E1B9}.Release|x86.Build.0 = Release|Win32
		{547AD02A-6E2A-43FE-9C8C-B5B3E7F0DE09}.Debug|x64.ActiveCfg = Debug|x64
		{547AD02A-6E2A-43FE-9C8C-B5B3E7F0DE09}.Debug|x64.Build.0 = Debug|x64
		{547AD02A-6E2A-43FE-9C8C-B5B3E7F0DE09}.Debug|x86.ActiveCfg = Debug|Win32
		{547AD02A-6E2A-43FE-9C8C-B5B3E7F0DE09}.Debug|x86.Build.0 = Debug|Win32
		{547AD02A-6E2A-43FE-9C8C-B5B3E7F0DE09}.Release|x64.ActiveCfg = Release|x64
		{547AD02A-6E2A-43FE-9C8C-B5B3E7F0DE09}.Release|x64.Build.0 = Release|x64
		{547AD02A-6E2A-43FE-9C8C-B5B3E7F0DE09}.Release|x86.ActiveCfg = Release|Win32
		{547AD02A-6E2A-43FE-9C8C-B5B3E7F0DE09}.Release|x86.Build.0 = Release|Win32
		{16298A19-B7FA-4690-9DFE-49A521684992}.Debug|x64.ActiveCfg = Debug|x64
		{16298A19-B7FA-4690-9DFE-49A521684992}.Debug|x64.Build.0 = Debug|x64
		{16298A19-B7FA-4690-9DFE-49A521684992}.Debug|x86.ActiveCfg = Debug|Win32
		{16298A19-B7FA-4690-9DFE-49A521684992}.Debug|x86.Build.0 = Debug|Win32
		{16298A19-B7FA-4690-9DFE-49A521684992}.Release|x64.ActiveCfg = Release|x64
		{16298A19-B7FA-4690-9DFE-49A521684992}.Release|x64.Build.0 = Release|x64
		{16298A19-B7FA-4690-9DFE-49A521684992}.Release|x86.ActiveCfg = Release|Win32
		{16298A19-B7FA-4690-9DFE-49A521684992}.Release|x86.Build.0 = Release|Win32
		{34BC6C6D-49F5-4C5C-B98E-21F69473C07C}.Debug|x64.ActiveCfg = Debug|x64
		{34BC6C6D-49F5-4C5C-B98E-21F69473C07C}.Debug|x64.Build.0 = Debug|x64
		{34BC6C6D-49F5-4C5C-B98E-21F69473C07C}.Debug|x86.ActiveCfg = Debug|Win32
		{34BC6C6D-49F5-4C5C-B98E-21F69473C07C}.Debug|x86.Build.0 = Debug|Win32
		{34BC6C6D-49F5-4C5C-B98E-21F69473C07C}.Release|x64.ActiveCfg = Release|x64
		{34BC6C6D-49F5-4C5C-B98E-21F69473C07C}.Release|x64.Build.0 = Release|x64
		{34BC6C6D-49F5-4C5C-B98E-21F69473C07C}.Release|x86.ActiveCfg = Release|Win32
		{34BC6C6D-49F5-4C5C-B98E-21F69473C07C}.Release|x86.Build.0 = Release|Win32
		{34A534EE-89E6-485C-885C-A7ADA34788DB}.Debug|x64.ActiveCfg = Debug|x64
		{34A534EE-89E6-485C-885C-A7ADA34788DB}.Debug|x64.Build.0 = Debug|x64
		{34A534EE-89E6-485C-885C-A7ADA34788DB}.Debug|x86.ActiveCfg = Debug|Win32
		{34A534EE-89E6-485C-885C-A7ADA34788DB}.Debug|x86.Build.0 = Debug|Win32
		{34A534EE-89E6-485C-885C-A7ADA34788DB}.Release|x64.ActiveCfg = Release|x64
		{34A534EE-89E6-485C-885C-A7ADA34788DB}.Release|x64.Build.0 = Release|x64
		{34A534EE-89E6-485C-885C-A7ADA34788DB}.Release|x86.ActiveCfg = Release|Win32
		{34A534EE-89E6-485C-885C-A7ADA34788DB}.Release|x86.Build.0 = Release|Win32
		{6FDFB379-70F6-42CF-9547-5C673D42D5E6}.Debug|x64.ActiveCfg = Debug|x64
		{6FDFB379-70F6-42CF-9547-5C673D42D5E6}.Debug|x64.Build.0 = Debug|x64
		{6FDFB379-70F6-42CF-9547-5C673D42D5E6}.Debug|x86.ActiveCfg = Debug|Win32
		{6FDFB379-70F6-42CF-9547-5C673D42D5E6}.Debug|x86.Build.0 = Debug|Win32
		{6FDFB379-70F6-42CF-9547-5C673D42D5E6}.Release|x64.ActiveCfg = Release|x64
		{6FDFB379-70F6-42CF-9547-5C673D42D5E6}.Release|x64.Build.0 = Release|x64
		{6FDFB379-70F6-42CF-9547-5C673D42D5E6}.Release|x86.ActiveCfg = Release|Win32
		{6FDFB379-70F6-42CF-9547-5C673D42D5E6}.Release|x86.Build.0 = Release|Win32
		{E30794D2-A71F-4E53-A1F7-51E0D8DB1334}.Debug|x64.ActiveCfg = Debug|x64
		{E30794D2-A71F-4E53-A1F7-51E0D8DB1334}.Debug|x64.Build.0 = Debug|x64
		{E30794D2-A71F-4E53-A1F7-51E0D8DB1334}.Debug|x86.ActiveCfg = Debug|Win32
		{E30794D2-A71F-4E53-A1F7-51E0D8DB1334}.Debug|x86.Build.0 = Debug|Win32
		{E30794D2-A71F-4E53-A1F7-51E0D8DB1334}.Release|x64.ActiveCfg = Release|x64
		{E30794D2-A71F-4E53-A1F7-51E0D8DB1334}.Release|x64.Build.0 = Release|x64
		{E30794D2-A71F-4E53-A1F7-51E0D8DB1334}.Release|x86.ActiveCfg = Release|Win32
		{E30794D2-A71F-4E53-A1F7-51E0D8DB1334}.Release|x86.Build.0 = Release|Win32
		{FC4766AB-4CE7-46EC-90DB-BB2E9B521B61}.Debug|x64.ActiveCfg = Debug|x64
		{FC4766AB-4CE7-46EC-90DB-BB2E9B521B61}.Debug|x64.Build.0 = Debug|x64
		{FC4766AB-4CE7-46EC-90DB-BB2E9B521B61}.Debug|x86.ActiveCfg = Debug|Win32
		{FC4766AB-4CE7-46EC-90DB-BB2E9B521B61}.Debug|x86.Build.0 = Debug|Win32
		{FC4766AB-4CE7-46EC-90DB-BB2E9B521B61}.Release|x64.ActiveCfg = Release|x64
		{FC4766AB-4CE7-46EC-90DB-BB2E9B521B61}.Release|x64.Build.0 = Release|x64
		{FC4766AB-4CE7-46EC-90DB-BB2E9B521B61}.Release|x86.ActiveCfg = Release|Win32
		{FC4766AB-4CE7-46EC-90DB-BB2E9B521B61}.Release|x86.Build.0 = Release|Win32
		{C20B7604-68C4-42CB-949F-74CBBF896FF2}.Debug|x64.ActiveCfg = Debug|x64
		{C20B7604-68C4-42CB-949F-74CBBF896FF2}.Debug|x64.Build.0 = Debug|x64
		{C20B7604-68C4-42CB-949F-74CBBF896FF2}.Debug|x86.ActiveCfg = Debug|Win32
		{C20B7604-68C4-42CB-949F-74CBBF896FF2}.Debug|x86.Build.0 = Debug|Win32
		{C20B7604-68C4-42CB-949F-74CBBF896FF2}.Release|x64.ActiveCfg = Release|x64
		{C20B7604-68C4-42CB-949F-74CBBF896FF2}.Release|x64.Build.0 = Release|x64
		{C20B7604-68C4-42CB-949F-74CBBF896FF2}.Release|x86.ActiveCfg = Release|Win32
		{C20B7604-68C4-42CB-949F-74CBBF896FF2}.Release|x86.Build.0 = Release|Win32
	EndGlobalSection
	GlobalSection(SolutionProperties) = preSolution
		HideSolutionNode = FALSE
	EndGlobalSection
	GlobalSection(ExtensibilityGlobals) = postSolution
		SolutionGuid = {6F027237-C2D4-4C3E-BF9A-F6A2C417DB29}
	EndGlobalSection
EndGlobal
